
Microsoft Visual Studio Solution File, Format Version 11.00
# Visual Studio 2010
Project("{FAE04EC0-301F-11D3-BF4B-00C04F79EFBC}") = "flocking-swarmAI", "Assembly-CSharp.csproj", "{BB322BD0-6B87-760B-F57F-7739B706E5F3}"
EndProject
Global
	GlobalSection(SolutionConfigurationPlatforms) = preSolution
		Debug|Any CPU = Debug|Any CPU
		Release|Any CPU = Release|Any CPU
	EndGlobalSection
	GlobalSection(ProjectConfigurationPlatforms) = postSolution
		{BB322BD0-6B87-760B-F57F-7739B706E5F3}.Debug|Any CPU.ActiveCfg = Debug|Any CPU
		{BB322BD0-6B87-760B-F57F-7739B706E5F3}.Debug|Any CPU.Build.0 = Debug|Any CPU
		{BB322BD0-6B87-760B-F57F-7739B706E5F3}.Release|Any CPU.ActiveCfg = Release|Any CPU
		{BB322BD0-6B87-760B-F57F-7739B706E5F3}.Release|Any CPU.Build.0 = Release|Any CPU
	EndGlobalSection
	GlobalSection(SolutionProperties) = preSolution
		HideSolutionNode = FALSE
	EndGlobalSection
	GlobalSection(MonoDevelopProperties) = preSolution
		StartupItem = Assembly-CSharp.csproj
	EndGlobalSection
EndGlobal
