<<<<<<< HEAD
﻿
Microsoft Visual Studio Solution File, Format Version 12.00
# Visual Studio 2017
Project("{FAE04EC0-301F-11D3-BF4B-00C04F79EFBC}") = "flocking-swarmAI", "flocking-swarmAI.csproj", "{F0882C1A-09DA-4883-9719-35B826EAECAA}"
EndProject
Project("{FAE04EC0-301F-11D3-BF4B-00C04F79EFBC}") = "flocking-swarmAI.Editor", "flocking-swarmAI.Editor.csproj", "{FE84598F-A2DB-31DE-887E-7224800D4995}"
EndProject
Global
	GlobalSection(SolutionConfigurationPlatforms) = preSolution
		Debug|Any CPU = Debug|Any CPU
		Release|Any CPU = Release|Any CPU
	EndGlobalSection
	GlobalSection(ProjectConfigurationPlatforms) = postSolution
		{F0882C1A-09DA-4883-9719-35B826EAECAA}.Debug|Any CPU.ActiveCfg = Debug|Any CPU
		{F0882C1A-09DA-4883-9719-35B826EAECAA}.Debug|Any CPU.Build.0 = Debug|Any CPU
		{F0882C1A-09DA-4883-9719-35B826EAECAA}.Release|Any CPU.ActiveCfg = Release|Any CPU
		{F0882C1A-09DA-4883-9719-35B826EAECAA}.Release|Any CPU.Build.0 = Release|Any CPU
		{FE84598F-A2DB-31DE-887E-7224800D4995}.Debug|Any CPU.ActiveCfg = Debug|Any CPU
		{FE84598F-A2DB-31DE-887E-7224800D4995}.Debug|Any CPU.Build.0 = Debug|Any CPU
		{FE84598F-A2DB-31DE-887E-7224800D4995}.Release|Any CPU.ActiveCfg = Release|Any CPU
		{FE84598F-A2DB-31DE-887E-7224800D4995}.Release|Any CPU.Build.0 = Release|Any CPU
	EndGlobalSection
	GlobalSection(SolutionProperties) = preSolution
		HideSolutionNode = FALSE
	EndGlobalSection
EndGlobal
=======
﻿
Microsoft Visual Studio Solution File, Format Version 11.00
# Visual Studio 2010
Project("{FAE04EC0-301F-11D3-BF4B-00C04F79EFBC}") = "flocking-swarmAI", "Assembly-CSharp.csproj", "{BB322BD0-6B87-760B-F57F-7739B706E5F3}"
EndProject
Global
	GlobalSection(SolutionConfigurationPlatforms) = preSolution
		Debug|Any CPU = Debug|Any CPU
		Release|Any CPU = Release|Any CPU
	EndGlobalSection
	GlobalSection(ProjectConfigurationPlatforms) = postSolution
		{BB322BD0-6B87-760B-F57F-7739B706E5F3}.Debug|Any CPU.ActiveCfg = Debug|Any CPU
		{BB322BD0-6B87-760B-F57F-7739B706E5F3}.Debug|Any CPU.Build.0 = Debug|Any CPU
		{BB322BD0-6B87-760B-F57F-7739B706E5F3}.Release|Any CPU.ActiveCfg = Release|Any CPU
		{BB322BD0-6B87-760B-F57F-7739B706E5F3}.Release|Any CPU.Build.0 = Release|Any CPU
	EndGlobalSection
	GlobalSection(SolutionProperties) = preSolution
		HideSolutionNode = FALSE
	EndGlobalSection
	GlobalSection(MonoDevelopProperties) = preSolution
		StartupItem = Assembly-CSharp.csproj
	EndGlobalSection
EndGlobal
>>>>>>> 33d49564984bcc63b624c06661d0594d0ccb9b56
